
Microsoft Visual Studio Solution File, Format Version 12.00
# Visual Studio Version 16
VisualStudioVersion = 16.0.28922.388
MinimumVisualStudioVersion = 10.0.40219.1
Project("{9A19103F-16F7-4668-BE54-9A1E7A4F7556}") = "VueCliMiddleware", "VueCliMiddleware\VueCliMiddleware.csproj", "{6EF79200-935A-4EBB-BB10-EB233A360210}"
EndProject
Project("{9A19103F-16F7-4668-BE54-9A1E7A4F7556}") = "VueCliMiddleware.Tests", "VueCliMiddleware.Tests\VueCliMiddleware.Tests.csproj", "{36DA789C-1C87-48A3-9A9E-804E9BA5C141}"
EndProject
Project("{2150E333-8FDC-42A3-9474-1A3956D46DE8}") = "Solution Items", "Solution Items", "{6E3830FF-A9BD-4D14-8F65-1FBE28F81E05}"
	ProjectSection(SolutionItems) = preProject
		..\CHANGELOG.md = ..\CHANGELOG.md
		..\README.md = ..\README.md
	EndProjectSection
EndProject
Project("{FAE04EC0-301F-11D3-BF4B-00C04F79EFBC}") = "QuasarCliSample", "..\samples\QuasarCliSample\QuasarCliSample.csproj", "{9C672A02-413F-45CB-ACC7-E067561A40E0}"
EndProject
Project("{2150E333-8FDC-42A3-9474-1A3956D46DE8}") = "Samples", "Samples", "{E0AC4E37-9F26-4CAD-A3F9-10420CB0F9E7}"
EndProject
Project("{FAE04EC0-301F-11D3-BF4B-00C04F79EFBC}") = "VueCliSample", "..\samples\VueCliSample\VueCliSample.csproj", "{FBE4604B-BCF1-4220-8292-135193C95967}"
EndProject
Global
	GlobalSection(SolutionConfigurationPlatforms) = preSolution
		Debug|Any CPU = Debug|Any CPU
		Release|Any CPU = Release|Any CPU
	EndGlobalSection
	GlobalSection(ProjectConfigurationPlatforms) = postSolution
		{6EF79200-935A-4EBB-BB10-EB233A360210}.Debug|Any CPU.ActiveCfg = Debug|Any CPU
		{6EF79200-935A-4EBB-BB10-EB233A360210}.Debug|Any CPU.Build.0 = Debug|Any CPU
		{6EF79200-935A-4EBB-BB10-EB233A360210}.Release|Any CPU.ActiveCfg = Release|Any CPU
		{6EF79200-935A-4EBB-BB10-EB233A360210}.Release|Any CPU.Build.0 = Release|Any CPU
		{36DA789C-1C87-48A3-9A9E-804E9BA5C141}.Debug|Any CPU.ActiveCfg = Debug|Any CPU
		{36DA789C-1C87-48A3-9A9E-804E9BA5C141}.Debug|Any CPU.Build.0 = Debug|Any CPU
		{36DA789C-1C87-48A3-9A9E-804E9BA5C141}.Release|Any CPU.ActiveCfg = Release|Any CPU
		{36DA789C-1C87-48A3-9A9E-804E9BA5C141}.Release|Any CPU.Build.0 = Release|Any CPU
		{9C672A02-413F-45CB-ACC7-E067561A40E0}.Debug|Any CPU.ActiveCfg = Debug|Any CPU
		{9C672A02-413F-45CB-ACC7-E067561A40E0}.Debug|Any CPU.Build.0 = Debug|Any CPU
		{9C672A02-413F-45CB-ACC7-E067561A40E0}.Release|Any CPU.ActiveCfg = Release|Any CPU
		{9C672A02-413F-45CB-ACC7-E067561A40E0}.Release|Any CPU.Build.0 = Release|Any CPU
		{FBE4604B-BCF1-4220-8292-135193C95967}.Debug|Any CPU.ActiveCfg = Debug|Any CPU
		{FBE4604B-BCF1-4220-8292-135193C95967}.Debug|Any CPU.Build.0 = Debug|Any CPU
		{FBE4604B-BCF1-4220-8292-135193C95967}.Release|Any CPU.ActiveCfg = Release|Any CPU
		{FBE4604B-BCF1-4220-8292-135193C95967}.Release|Any CPU.Build.0 = Release|Any CPU
	EndGlobalSection
	GlobalSection(SolutionProperties) = preSolution
		HideSolutionNode = FALSE
	EndGlobalSection
	GlobalSection(NestedProjects) = preSolution
		{9C672A02-413F-45CB-ACC7-E067561A40E0} = {E0AC4E37-9F26-4CAD-A3F9-10420CB0F9E7}
		{FBE4604B-BCF1-4220-8292-135193C95967} = {E0AC4E37-9F26-4CAD-A3F9-10420CB0F9E7}
	EndGlobalSection
	GlobalSection(ExtensibilityGlobals) = postSolution
		SolutionGuid = {A9280CDC-FB96-4CF4-B48A-048A3355168A}
	EndGlobalSection
EndGlobal
