
Microsoft Visual Studio Solution File, Format Version 12.00
# Visual Studio 15
VisualStudioVersion = 15.0.28010.2026
MinimumVisualStudioVersion = 10.0.40219.1
Project("{9A19103F-16F7-4668-BE54-9A1E7A4F7556}") = "VueCliMiddleware", "VueCliMiddleware.csproj", "{6EF79200-935A-4EBB-BB10-EB233A360210}"
EndProject
Global
	GlobalSection(SolutionConfigurationPlatforms) = preSolution
		Debug|Any CPU = Debug|Any CPU
		Release|Any CPU = Release|Any CPU
	EndGlobalSection
	GlobalSection(ProjectConfigurationPlatforms) = postSolution
		{6EF79200-935A-4EBB-BB10-EB233A360210}.Debug|Any CPU.ActiveCfg = Debug|Any CPU
		{6EF79200-935A-4EBB-BB10-EB233A360210}.Debug|Any CPU.Build.0 = Debug|Any CPU
		{6EF79200-935A-4EBB-BB10-EB233A360210}.Release|Any CPU.ActiveCfg = Release|Any CPU
		{6EF79200-935A-4EBB-BB10-EB233A360210}.Release|Any CPU.Build.0 = Release|Any CPU
	EndGlobalSection
	GlobalSection(SolutionProperties) = preSolution
		HideSolutionNode = FALSE
	EndGlobalSection
	GlobalSection(ExtensibilityGlobals) = postSolution
		SolutionGuid = {A9280CDC-FB96-4CF4-B48A-048A3355168A}
	EndGlobalSection
EndGlobal
